// !$*UTF8*$!
{
	archiveVersion = 1;
	classes = {
	};
	objectVersion = 55;
	objects = {

/* Begin PBXBuildFile section */
		FC519CB527F865770000A771 /* ExtensionView.swift in Sources */ = {isa = PBXBuildFile; fileRef = FC519CB427F865760000A771 /* ExtensionView.swift */; };
		FC519CB827F8728E0000A771 /* CustomSliderPlayer.swift in Sources */ = {isa = PBXBuildFile; fileRef = FC519CB727F8728E0000A771 /* CustomSliderPlayer.swift */; };
		FC7E5E4227E09AAB00523754 /* RecordCellViewModel.swift in Sources */ = {isa = PBXBuildFile; fileRef = FC7E5E4127E09AAB00523754 /* RecordCellViewModel.swift */; };
		FC9E68C127DE8A2000489FCF /* StorageManager.swift in Sources */ = {isa = PBXBuildFile; fileRef = FC9E68C027DE8A2000489FCF /* StorageManager.swift */; };
		FC9E68C327DE8AB100489FCF /* Record.swift in Sources */ = {isa = PBXBuildFile; fileRef = FC9E68C227DE8AB100489FCF /* Record.swift */; };
		FC9E68C527DE8AC600489FCF /* RecorderViewModel.swift in Sources */ = {isa = PBXBuildFile; fileRef = FC9E68C427DE8AC600489FCF /* RecorderViewModel.swift */; };
		FC9E68C727DE906C00489FCF /* RecordCellView.swift in Sources */ = {isa = PBXBuildFile; fileRef = FC9E68C627DE906C00489FCF /* RecordCellView.swift */; };
		FCCA3A1D27DBE328002A9B80 /* RecorderSwiftUIApp.swift in Sources */ = {isa = PBXBuildFile; fileRef = FCCA3A1C27DBE328002A9B80 /* RecorderSwiftUIApp.swift */; };
		FCCA3A1F27DBE328002A9B80 /* RecorderView.swift in Sources */ = {isa = PBXBuildFile; fileRef = FCCA3A1E27DBE328002A9B80 /* RecorderView.swift */; };
		FCCA3A2127DBE329002A9B80 /* Assets.xcassets in Resources */ = {isa = PBXBuildFile; fileRef = FCCA3A2027DBE329002A9B80 /* Assets.xcassets */; };
		FCCA3A2427DBE329002A9B80 /* Preview Assets.xcassets in Resources */ = {isa = PBXBuildFile; fileRef = FCCA3A2327DBE329002A9B80 /* Preview Assets.xcassets */; };
/* End PBXBuildFile section */

/* Begin PBXFileReference section */
		FC519CB427F865760000A771 /* ExtensionView.swift */ = {isa = PBXFileReference; fileEncoding = 4; lastKnownFileType = sourcecode.swift; path = ExtensionView.swift; sourceTree = "<group>"; };
		FC519CB727F8728E0000A771 /* CustomSliderPlayer.swift */ = {isa = PBXFileReference; fileEncoding = 4; lastKnownFileType = sourcecode.swift; path = CustomSliderPlayer.swift; sourceTree = "<group>"; };
		FC79473727DF8475001C8171 /* Info.plist */ = {isa = PBXFileReference; lastKnownFileType = text.plist; path = Info.plist; sourceTree = "<group>"; };
		FC7E5E4127E09AAB00523754 /* RecordCellViewModel.swift */ = {isa = PBXFileReference; lastKnownFileType = sourcecode.swift; path = RecordCellViewModel.swift; sourceTree = "<group>"; };
		FC9E68C027DE8A2000489FCF /* StorageManager.swift */ = {isa = PBXFileReference; lastKnownFileType = sourcecode.swift; path = StorageManager.swift; sourceTree = "<group>"; };
		FC9E68C227DE8AB100489FCF /* Record.swift */ = {isa = PBXFileReference; lastKnownFileType = sourcecode.swift; path = Record.swift; sourceTree = "<group>"; };
		FC9E68C427DE8AC600489FCF /* RecorderViewModel.swift */ = {isa = PBXFileReference; lastKnownFileType = sourcecode.swift; path = RecorderViewModel.swift; sourceTree = "<group>"; };
		FC9E68C627DE906C00489FCF /* RecordCellView.swift */ = {isa = PBXFileReference; lastKnownFileType = sourcecode.swift; path = RecordCellView.swift; sourceTree = "<group>"; };
		FCCA3A1927DBE328002A9B80 /* RecorderSwiftUI.app */ = {isa = PBXFileReference; explicitFileType = wrapper.application; includeInIndex = 0; path = RecorderSwiftUI.app; sourceTree = BUILT_PRODUCTS_DIR; };
		FCCA3A1C27DBE328002A9B80 /* RecorderSwiftUIApp.swift */ = {isa = PBXFileReference; lastKnownFileType = sourcecode.swift; path = RecorderSwiftUIApp.swift; sourceTree = "<group>"; };
		FCCA3A1E27DBE328002A9B80 /* RecorderView.swift */ = {isa = PBXFileReference; lastKnownFileType = sourcecode.swift; path = RecorderView.swift; sourceTree = "<group>"; };
		FCCA3A2027DBE329002A9B80 /* Assets.xcassets */ = {isa = PBXFileReference; lastKnownFileType = folder.assetcatalog; path = Assets.xcassets; sourceTree = "<group>"; };
		FCCA3A2327DBE329002A9B80 /* Preview Assets.xcassets */ = {isa = PBXFileReference; lastKnownFileType = folder.assetcatalog; path = "Preview Assets.xcassets"; sourceTree = "<group>"; };
/* End PBXFileReference section */

/* Begin PBXFrameworksBuildPhase section */
		FCCA3A1627DBE328002A9B80 /* Frameworks */ = {
			isa = PBXFrameworksBuildPhase;
			buildActionMask = 2147483647;
			files = (
			);
			runOnlyForDeploymentPostprocessing = 0;
		};
/* End PBXFrameworksBuildPhase section */

/* Begin PBXGroup section */
		FC519CB627F868C00000A771 /* Extensions */ = {
			isa = PBXGroup;
			children = (
				FC519CB427F865760000A771 /* ExtensionView.swift */,
			);
			path = Extensions;
			sourceTree = "<group>";
		};
		FC9E68BA27DE88EF00489FCF /* Resources */ = {
			isa = PBXGroup;
			children = (
				FCCA3A2027DBE329002A9B80 /* Assets.xcassets */,
			);
			path = Resources;
			sourceTree = "<group>";
		};
		FC9E68BB27DE892000489FCF /* Views */ = {
			isa = PBXGroup;
			children = (
				FCCA3A1E27DBE328002A9B80 /* RecorderView.swift */,
				FC9E68C627DE906C00489FCF /* RecordCellView.swift */,
				FC519CB727F8728E0000A771 /* CustomSliderPlayer.swift */,
				FCCA3A1C27DBE328002A9B80 /* RecorderSwiftUIApp.swift */,
			);
			path = Views;
			sourceTree = "<group>";
		};
		FC9E68BC27DE892900489FCF /* ViewModels */ = {
			isa = PBXGroup;
			children = (
				FC9E68C427DE8AC600489FCF /* RecorderViewModel.swift */,
				FC7E5E4127E09AAB00523754 /* RecordCellViewModel.swift */,
			);
			path = ViewModels;
			sourceTree = "<group>";
		};
		FC9E68BD27DE894500489FCF /* Models */ = {
			isa = PBXGroup;
			children = (
				FC9E68C227DE8AB100489FCF /* Record.swift */,
			);
			path = Models;
			sourceTree = "<group>";
		};
		FC9E68BF27DE8A0700489FCF /* Services */ = {
			isa = PBXGroup;
			children = (
				FC9E68C027DE8A2000489FCF /* StorageManager.swift */,
			);
			path = Services;
			sourceTree = "<group>";
		};
		FCCA3A1027DBE328002A9B80 = {
			isa = PBXGroup;
			children = (
				FCCA3A1B27DBE328002A9B80 /* RecorderSwiftUI */,
				FCCA3A1A27DBE328002A9B80 /* Products */,
			);
			sourceTree = "<group>";
		};
		FCCA3A1A27DBE328002A9B80 /* Products */ = {
			isa = PBXGroup;
			children = (
				FCCA3A1927DBE328002A9B80 /* RecorderSwiftUI.app */,
			);
			name = Products;
			sourceTree = "<group>";
		};
		FCCA3A1B27DBE328002A9B80 /* RecorderSwiftUI */ = {
			isa = PBXGroup;
			children = (
				FC79473727DF8475001C8171 /* Info.plist */,
				FC9E68BF27DE8A0700489FCF /* Services */,
				FC9E68BD27DE894500489FCF /* Models */,
				FC9E68BC27DE892900489FCF /* ViewModels */,
				FC9E68BB27DE892000489FCF /* Views */,
				FC519CB627F868C00000A771 /* Extensions */,
				FC9E68BA27DE88EF00489FCF /* Resources */,
				FCCA3A2227DBE329002A9B80 /* Preview Content */,
			);
			path = RecorderSwiftUI;
			sourceTree = "<group>";
		};
		FCCA3A2227DBE329002A9B80 /* Preview Content */ = {
			isa = PBXGroup;
			children = (
				FCCA3A2327DBE329002A9B80 /* Preview Assets.xcassets */,
			);
			path = "Preview Content";
			sourceTree = "<group>";
		};
/* End PBXGroup section */

/* Begin PBXNativeTarget section */
		FCCA3A1827DBE328002A9B80 /* RecorderSwiftUI */ = {
			isa = PBXNativeTarget;
			buildConfigurationList = FCCA3A2727DBE329002A9B80 /* Build configuration list for PBXNativeTarget "RecorderSwiftUI" */;
			buildPhases = (
				FCCA3A1527DBE328002A9B80 /* Sources */,
				FCCA3A1627DBE328002A9B80 /* Frameworks */,
				FCCA3A1727DBE328002A9B80 /* Resources */,
			);
			buildRules = (
			);
			dependencies = (
			);
			name = RecorderSwiftUI;
			productName = RecorderSwiftUI;
			productReference = FCCA3A1927DBE328002A9B80 /* RecorderSwiftUI.app */;
			productType = "com.apple.product-type.application";
		};
/* End PBXNativeTarget section */

/* Begin PBXProject section */
		FCCA3A1127DBE328002A9B80 /* Project object */ = {
			isa = PBXProject;
			attributes = {
				BuildIndependentTargetsInParallel = 1;
				LastSwiftUpdateCheck = 1320;
				LastUpgradeCheck = 1320;
				TargetAttributes = {
					FCCA3A1827DBE328002A9B80 = {
						CreatedOnToolsVersion = 13.2.1;
					};
				};
			};
			buildConfigurationList = FCCA3A1427DBE328002A9B80 /* Build configuration list for PBXProject "RecorderSwiftUI" */;
			compatibilityVersion = "Xcode 13.0";
			developmentRegion = en;
			hasScannedForEncodings = 0;
			knownRegions = (
				en,
				Base,
			);
			mainGroup = FCCA3A1027DBE328002A9B80;
			productRefGroup = FCCA3A1A27DBE328002A9B80 /* Products */;
			projectDirPath = "";
			projectRoot = "";
			targets = (
				FCCA3A1827DBE328002A9B80 /* RecorderSwiftUI */,
			);
		};
/* End PBXProject section */

/* Begin PBXResourcesBuildPhase section */
		FCCA3A1727DBE328002A9B80 /* Resources */ = {
			isa = PBXResourcesBuildPhase;
			buildActionMask = 2147483647;
			files = (
				FCCA3A2427DBE329002A9B80 /* Preview Assets.xcassets in Resources */,
				FCCA3A2127DBE329002A9B80 /* Assets.xcassets in Resources */,
			);
			runOnlyForDeploymentPostprocessing = 0;
		};
/* End PBXResourcesBuildPhase section */

/* Begin PBXSourcesBuildPhase section */
		FCCA3A1527DBE328002A9B80 /* Sources */ = {
			isa = PBXSourcesBuildPhase;
			buildActionMask = 2147483647;
			files = (
				FC519CB827F8728E0000A771 /* CustomSliderPlayer.swift in Sources */,
				FC9E68C127DE8A2000489FCF /* StorageManager.swift in Sources */,
				FCCA3A1F27DBE328002A9B80 /* RecorderView.swift in Sources */,
				FC7E5E4227E09AAB00523754 /* RecordCellViewModel.swift in Sources */,
				FC9E68C527DE8AC600489FCF /* RecorderViewModel.swift in Sources */,
				FC9E68C327DE8AB100489FCF /* Record.swift in Sources */,
				FCCA3A1D27DBE328002A9B80 /* RecorderSwiftUIApp.swift in Sources */,
				FC519CB527F865770000A771 /* ExtensionView.swift in Sources */,
				FC9E68C727DE906C00489FCF /* RecordCellView.swift in Sources */,
			);
			runOnlyForDeploymentPostprocessing = 0;
		};
/* End PBXSourcesBuildPhase section */

/* Begin XCBuildConfiguration section */
		FCCA3A2527DBE329002A9B80 /* Debug */ = {
			isa = XCBuildConfiguration;
			buildSettings = {
				ALWAYS_SEARCH_USER_PATHS = NO;
				CLANG_ANALYZER_NONNULL = YES;
				CLANG_ANALYZER_NUMBER_OBJECT_CONVERSION = YES_AGGRESSIVE;
				CLANG_CXX_LANGUAGE_STANDARD = "gnu++17";
				CLANG_CXX_LIBRARY = "libc++";
				CLANG_ENABLE_MODULES = YES;
				CLANG_ENABLE_OBJC_ARC = YES;
				CLANG_ENABLE_OBJC_WEAK = YES;
				CLANG_WARN_BLOCK_CAPTURE_AUTORELEASING = YES;
				CLANG_WARN_BOOL_CONVERSION = YES;
				CLANG_WARN_COMMA = YES;
				CLANG_WARN_CONSTANT_CONVERSION = YES;
				CLANG_WARN_DEPRECATED_OBJC_IMPLEMENTATIONS = YES;
				CLANG_WARN_DIRECT_OBJC_ISA_USAGE = YES_ERROR;
				CLANG_WARN_DOCUMENTATION_COMMENTS = YES;
				CLANG_WARN_EMPTY_BODY = YES;
				CLANG_WARN_ENUM_CONVERSION = YES;
				CLANG_WARN_INFINITE_RECURSION = YES;
				CLANG_WARN_INT_CONVERSION = YES;
				CLANG_WARN_NON_LITERAL_NULL_CONVERSION = YES;
				CLANG_WARN_OBJC_IMPLICIT_RETAIN_SELF = YES;
				CLANG_WARN_OBJC_LITERAL_CONVERSION = YES;
				CLANG_WARN_OBJC_ROOT_CLASS = YES_ERROR;
				CLANG_WARN_QUOTED_INCLUDE_IN_FRAMEWORK_HEADER = YES;
				CLANG_WARN_RANGE_LOOP_ANALYSIS = YES;
				CLANG_WARN_STRICT_PROTOTYPES = YES;
				CLANG_WARN_SUSPICIOUS_MOVE = YES;
				CLANG_WARN_UNGUARDED_AVAILABILITY = YES_AGGRESSIVE;
				CLANG_WARN_UNREACHABLE_CODE = YES;
				CLANG_WARN__DUPLICATE_METHOD_MATCH = YES;
				COPY_PHASE_STRIP = NO;
				DEBUG_INFORMATION_FORMAT = dwarf;
				ENABLE_STRICT_OBJC_MSGSEND = YES;
				ENABLE_TESTABILITY = YES;
				GCC_C_LANGUAGE_STANDARD = gnu11;
				GCC_DYNAMIC_NO_PIC = NO;
				GCC_NO_COMMON_BLOCKS = YES;
				GCC_OPTIMIZATION_LEVEL = 0;
				GCC_PREPROCESSOR_DEFINITIONS = (
					"DEBUG=1",
					"$(inherited)",
				);
				GCC_WARN_64_TO_32_BIT_CONVERSION = YES;
				GCC_WARN_ABOUT_RETURN_TYPE = YES_ERROR;
				GCC_WARN_UNDECLARED_SELECTOR = YES;
				GCC_WARN_UNINITIALIZED_AUTOS = YES_AGGRESSIVE;
				GCC_WARN_UNUSED_FUNCTION = YES;
				GCC_WARN_UNUSED_VARIABLE = YES;
				IPHONEOS_DEPLOYMENT_TARGET = 15.2;
				MTL_ENABLE_DEBUG_INFO = INCLUDE_SOURCE;
				MTL_FAST_MATH = YES;
				ONLY_ACTIVE_ARCH = YES;
				SDKROOT = iphoneos;
				SWIFT_ACTIVE_COMPILATION_CONDITIONS = DEBUG;
				SWIFT_OPTIMIZATION_LEVEL = "-Onone";
			};
			name = Debug;
		};
		FCCA3A2627DBE329002A9B80 /* Release */ = {
			isa = XCBuildConfiguration;
			buildSettings = {
				ALWAYS_SEARCH_USER_PATHS = NO;
				CLANG_ANALYZER_NONNULL = YES;
				CLANG_ANALYZER_NUMBER_OBJECT_CONVERSION = YES_AGGRESSIVE;
				CLANG_CXX_LANGUAGE_STANDARD = "gnu++17";
				CLANG_CXX_LIBRARY = "libc++";
				CLANG_ENABLE_MODULES = YES;
				CLANG_ENABLE_OBJC_ARC = YES;
				CLANG_ENABLE_OBJC_WEAK = YES;
				CLANG_WARN_BLOCK_CAPTURE_AUTORELEASING = YES;
				CLANG_WARN_BOOL_CONVERSION = YES;
				CLANG_WARN_COMMA = YES;
				CLANG_WARN_CONSTANT_CONVERSION = YES;
				CLANG_WARN_DEPRECATED_OBJC_IMPLEMENTATIONS = YES;
				CLANG_WARN_DIRECT_OBJC_ISA_USAGE = YES_ERROR;
				CLANG_WARN_DOCUMENTATION_COMMENTS = YES;
				CLANG_WARN_EMPTY_BODY = YES;
				CLANG_WARN_ENUM_CONVERSION = YES;
				CLANG_WARN_INFINITE_RECURSION = YES;
				CLANG_WARN_INT_CONVERSION = YES;
				CLANG_WARN_NON_LITERAL_NULL_CONVERSION = YES;
				CLANG_WARN_OBJC_IMPLICIT_RETAIN_SELF = YES;
				CLANG_WARN_OBJC_LITERAL_CONVERSION = YES;
				CLANG_WARN_OBJC_ROOT_CLASS = YES_ERROR;
				CLANG_WARN_QUOTED_INCLUDE_IN_FRAMEWORK_HEADER = YES;
				CLANG_WARN_RANGE_LOOP_ANALYSIS = YES;
				CLANG_WARN_STRICT_PROTOTYPES = YES;
				CLANG_WARN_SUSPICIOUS_MOVE = YES;
				CLANG_WARN_UNGUARDED_AVAILABILITY = YES_AGGRESSIVE;
				CLANG_WARN_UNREACHABLE_CODE = YES;
				CLANG_WARN__DUPLICATE_METHOD_MATCH = YES;
				COPY_PHASE_STRIP = NO;
				DEBUG_INFORMATION_FORMAT = "dwarf-with-dsym";
				ENABLE_NS_ASSERTIONS = NO;
				ENABLE_STRICT_OBJC_MSGSEND = YES;
				GCC_C_LANGUAGE_STANDARD = gnu11;
				GCC_NO_COMMON_BLOCKS = YES;
				GCC_WARN_64_TO_32_BIT_CONVERSION = YES;
				GCC_WARN_ABOUT_RETURN_TYPE = YES_ERROR;
				GCC_WARN_UNDECLARED_SELECTOR = YES;
				GCC_WARN_UNINITIALIZED_AUTOS = YES_AGGRESSIVE;
				GCC_WARN_UNUSED_FUNCTION = YES;
				GCC_WARN_UNUSED_VARIABLE = YES;
				IPHONEOS_DEPLOYMENT_TARGET = 15.2;
				MTL_ENABLE_DEBUG_INFO = NO;
				MTL_FAST_MATH = YES;
				SDKROOT = iphoneos;
				SWIFT_COMPILATION_MODE = wholemodule;
				SWIFT_OPTIMIZATION_LEVEL = "-O";
				VALIDATE_PRODUCT = YES;
			};
			name = Release;
		};
		FCCA3A2827DBE329002A9B80 /* Debug */ = {
			isa = XCBuildConfiguration;
			buildSettings = {
				ASSETCATALOG_COMPILER_APPICON_NAME = AppIcon;
				ASSETCATALOG_COMPILER_GLOBAL_ACCENT_COLOR_NAME = AccentColor;
				CODE_SIGN_STYLE = Automatic;
				CURRENT_PROJECT_VERSION = 1;
				DEVELOPMENT_ASSET_PATHS = "\"RecorderSwiftUI/Preview Content\"";
				DEVELOPMENT_TEAM = 4ARG8W2BQX;
				ENABLE_PREVIEWS = YES;
				GENERATE_INFOPLIST_FILE = YES;
				INFOPLIST_FILE = RecorderSwiftUI/Info.plist;
				INFOPLIST_KEY_NSMicrophoneUsageDescription = "";
				INFOPLIST_KEY_UIApplicationSceneManifest_Generation = YES;
				INFOPLIST_KEY_UIApplicationSupportsIndirectInputEvents = YES;
				INFOPLIST_KEY_UILaunchScreen_Generation = YES;
				INFOPLIST_KEY_UISupportedInterfaceOrientations = UIInterfaceOrientationPortrait;
				INFOPLIST_KEY_UISupportedInterfaceOrientations_iPad = "UIInterfaceOrientationPortrait UIInterfaceOrientationPortraitUpsideDown UIInterfaceOrientationLandscapeLeft UIInterfaceOrientationLandscapeRight";
				INFOPLIST_KEY_UISupportedInterfaceOrientations_iPhone = "UIInterfaceOrientationPortrait UIInterfaceOrientationLandscapeLeft UIInterfaceOrientationLandscapeRight";
				LD_RUNPATH_SEARCH_PATHS = (
					"$(inherited)",
					"@executable_path/Frameworks",
				);
				MARKETING_VERSION = 1.0;
				PRODUCT_BUNDLE_IDENTIFIER = com.zhukov.RecorderSwiftUI;
				PRODUCT_NAME = "$(TARGET_NAME)";
				SWIFT_EMIT_LOC_STRINGS = YES;
				SWIFT_VERSION = 5.0;
				TARGETED_DEVICE_FAMILY = 1;
			};
			name = Debug;
		};
		FCCA3A2927DBE329002A9B80 /* Release */ = {
			isa = XCBuildConfiguration;
			buildSettings = {
				ASSETCATALOG_COMPILER_APPICON_NAME = AppIcon;
				ASSETCATALOG_COMPILER_GLOBAL_ACCENT_COLOR_NAME = AccentColor;
				CODE_SIGN_STYLE = Automatic;
				CURRENT_PROJECT_VERSION = 1;
				DEVELOPMENT_ASSET_PATHS = "\"RecorderSwiftUI/Preview Content\"";
				DEVELOPMENT_TEAM = 4ARG8W2BQX;
				ENABLE_PREVIEWS = YES;
				GENERATE_INFOPLIST_FILE = YES;
				INFOPLIST_FILE = RecorderSwiftUI/Info.plist;
				INFOPLIST_KEY_NSMicrophoneUsageDescription = "";
				INFOPLIST_KEY_UIApplicationSceneManifest_Generation = YES;
				INFOPLIST_KEY_UIApplicationSupportsIndirectInputEvents = YES;
				INFOPLIST_KEY_UILaunchScreen_Generation = YES;
				INFOPLIST_KEY_UISupportedInterfaceOrientations = UIInterfaceOrientationPortrait;
				INFOPLIST_KEY_UISupportedInterfaceOrientations_iPad = "UIInterfaceOrientationPortrait UIInterfaceOrientationPortraitUpsideDown UIInterfaceOrientationLandscapeLeft UIInterfaceOrientationLandscapeRight";
				INFOPLIST_KEY_UISupportedInterfaceOrientations_iPhone = "UIInterfaceOrientationPortrait UIInterfaceOrientationLandscapeLeft UIInterfaceOrientationLandscapeRight";
				LD_RUNPATH_SEARCH_PATHS = (
					"$(inherited)",
					"@executable_path/Frameworks",
				);
				MARKETING_VERSION = 1.0;
				PRODUCT_BUNDLE_IDENTIFIER = com.zhukov.RecorderSwiftUI;
				PRODUCT_NAME = "$(TARGET_NAME)";
				SWIFT_EMIT_LOC_STRINGS = YES;
				SWIFT_VERSION = 5.0;
				TARGETED_DEVICE_FAMILY = 1;
			};
			name = Release;
		};
/* End XCBuildConfiguration section */

/* Begin XCConfigurationList section */
		FCCA3A1427DBE328002A9B80 /* Build configuration list for PBXProject "RecorderSwiftUI" */ = {
			isa = XCConfigurationList;
			buildConfigurations = (
				FCCA3A2527DBE329002A9B80 /* Debug */,
				FCCA3A2627DBE329002A9B80 /* Release */,
			);
			defaultConfigurationIsVisible = 0;
			defaultConfigurationName = Release;
		};
		FCCA3A2727DBE329002A9B80 /* Build configuration list for PBXNativeTarget "RecorderSwiftUI" */ = {
			isa = XCConfigurationList;
			buildConfigurations = (
				FCCA3A2827DBE329002A9B80 /* Debug */,
				FCCA3A2927DBE329002A9B80 /* Release */,
			);
			defaultConfigurationIsVisible = 0;
			defaultConfigurationName = Release;
		};
/* End XCConfigurationList section */
	};
	rootObject = FCCA3A1127DBE328002A9B80 /* Project object */;
}
